{
  "name": "htmlcontent",
  "version": "1.0.0",
  "lockfileVersion": 1,
  "requires": true,
  "dependencies": {
    "@angular/common": {
      "version": "2.1.2",
      "resolved": "https://registry.npmjs.org/@angular/common/-/common-2.1.2.tgz",
      "integrity": "sha1-XFs3wh1uVz3vFnD0OWLCYryb6C4="
    },
    "@angular/compiler": {
      "version": "2.1.2",
      "resolved": "https://registry.npmjs.org/@angular/compiler/-/compiler-2.1.2.tgz",
      "integrity": "sha1-vSpsVY3lNQvdQ6qOjedXlDrAHSo="
    },
    "@angular/core": {
      "version": "2.1.2",
      "resolved": "https://registry.npmjs.org/@angular/core/-/core-2.1.2.tgz",
      "integrity": "sha1-zjlSFkPz2XvFkj1aeqdmBOlz2sg="
    },
    "@angular/forms": {
      "version": "2.1.2",
      "resolved": "https://registry.npmjs.org/@angular/forms/-/forms-2.1.2.tgz",
      "integrity": "sha1-xVU56l2m1g9kR185OSrl3Xan6ZA="
    },
    "@angular/http": {
      "version": "2.1.2",
      "resolved": "https://registry.npmjs.org/@angular/http/-/http-2.1.2.tgz",
      "integrity": "sha1-UKqWw7aKRLmOP4N4hsluWTDrVDo="
    },
    "@angular/platform-browser": {
      "version": "2.1.2",
      "resolved": "https://registry.npmjs.org/@angular/platform-browser/-/platform-browser-2.1.2.tgz",
      "integrity": "sha1-HwfDpWaKwjgacyT5ABUh3u3hWbw="
    },
    "@angular/platform-browser-dynamic": {
      "version": "2.1.2",
      "resolved": "https://registry.npmjs.org/@angular/platform-browser-dynamic/-/platform-browser-dynamic-2.1.2.tgz",
      "integrity": "sha1-PVG0lM/gopNUyMHyg2mINnmYKvQ="
    },
    "@angular/router": {
      "version": "3.1.2",
      "resolved": "https://registry.npmjs.org/@angular/router/-/router-3.1.2.tgz",
      "integrity": "sha1-EEbJQ6znlQJ+LlBX34yJfalo/NY="
    },
    "@angular/upgrade": {
      "version": "2.1.2",
      "resolved": "https://registry.npmjs.org/@angular/upgrade/-/upgrade-2.1.2.tgz",
      "integrity": "sha1-/JQj+H/K5BigrjuNVsYV2TVj1E8="
    },
    "angular-in-memory-web-api": {
      "version": "0.1.17",
      "resolved": "https://registry.npmjs.org/angular-in-memory-web-api/-/angular-in-memory-web-api-0.1.17.tgz",
      "integrity": "sha1-jO+rjU4v7HDMmaPkrLge/RvRfL8="
    },
    "angular2-slickgrid": {
      "version": "github:microsoft/angular2-slickgrid#d4716d9718df5012437cf2b52fcddde70089582d",
      "from": "github:microsoft/angular2-slickgrid#1.2.2"
    },
    "assert": {
      "version": "1.4.1",
      "resolved": "https://registry.npmjs.org/assert/-/assert-1.4.1.tgz",
      "integrity": "sha1-mZEtWRg2tab1s0XA8H7vwI/GXZE=",
      "dev": true,
      "requires": {
        "util": "0.10.3"
      }
    },
    "core-js": {
      "version": "2.6.5",
      "resolved": "https://registry.npmjs.org/core-js/-/core-js-2.6.5.tgz",
      "integrity": "sha512-klh/kDpwX8hryYL14M9w/xei6vrv6sE8gTHDG7/T/+SEovB/G4ejwcfE/CBzO6Edsu+OETZMZ3wcX/EjUkrl5A=="
    },
    "inherits": {
      "version": "2.0.1",
      "resolved": "https://registry.npmjs.org/inherits/-/inherits-2.0.1.tgz",
      "integrity": "sha1-sX0I0ya0Qj5Wjv9xn5GwscvfafE=",
      "dev": true
    },
    "jasmine-core": {
      "version": "2.4.1",
      "resolved": "https://registry.npmjs.org/jasmine-core/-/jasmine-core-2.4.1.tgz",
      "integrity": "sha1-b4OrOg8WlRcizgfSBsdz1XzIOL4="
    },
    "jquery": {
      "version": "3.4.1",
      "resolved": "https://registry.npmjs.org/jquery/-/jquery-3.4.1.tgz",
      "integrity": "sha512-36+AdBzCL+y6qjw5Tx7HgzeGCzC81MDDgaUP8ld2zhx58HdqXGoBd+tHdrBMiyjGQs0Hxs/MLZTu/eHNJJuWPw=="
    },
    "jquery-ui": {
      "version": "1.12.1",
      "resolved": "https://registry.npmjs.org/jquery-ui/-/jquery-ui-1.12.1.tgz",
      "integrity": "sha1-vLQEXI3QU5wTS8FIjN0+dop6nlE="
    },
    "moment": {
      "version": "2.24.0",
      "resolved": "https://registry.npmjs.org/moment/-/moment-2.24.0.tgz",
      "integrity": "sha512-bV7f+6l2QigeBBZSM/6yTNq4P2fNpSWj/0e7jQcy87A8e7o2nAfP/34/2ky5Vw4B9S446EtIhodAzkFCcR4dQg=="
    },
    "rangy": {
      "version": "1.3.0",
      "resolved": "https://registry.npmjs.org/rangy/-/rangy-1.3.0.tgz",
      "integrity": "sha1-t8mnCuoF5djNx0qNTIJz1pcnGQQ="
    },
    "reflect-metadata": {
      "version": "0.1.12",
      "resolved": "https://registry.npmjs.org/reflect-metadata/-/reflect-metadata-0.1.12.tgz",
      "integrity": "sha512-n+IyV+nGz3+0q3/Yf1ra12KpCyi001bi4XFxSjbiWWjfqb52iTTtpGXmCCAOWWIAn9KEuFZKGqBERHmrtScZ3A=="
    },
    "rxjs": {
      "version": "5.0.0-beta.12",
      "resolved": "https://registry.npmjs.org/rxjs/-/rxjs-5.0.0-beta.12.tgz",
      "integrity": "sha1-zf3i2MRjnSCud5S/+P3fMtp60zc=",
      "requires": {
        "symbol-observable": "^1.0.1"
      }
    },
    "slickgrid": {
      "version": "github:anthonydresser/SlickGrid#bdf93b113385502f9402170261390dc9065f2715",
      "from": "github:anthonydresser/SlickGrid#2.3.23-2",
      "requires": {
        "jquery": ">=1.8.0",
        "jquery-ui": ">=1.8.0"
      }
    },
    "symbol-observable": {
      "version": "1.2.0",
      "resolved": "https://registry.npmjs.org/symbol-observable/-/symbol-observable-1.2.0.tgz",
      "integrity": "sha512-e900nM8RRtGhlV36KGEU9k65K3mPb1WV70OdjfxlG2EAuM1noi/E/BaW/uMhL7bPEssK8QV57vN3esixjUvcXQ=="
    },
    "systemjs": {
      "version": "0.19.40",
      "resolved": "https://registry.npmjs.org/systemjs/-/systemjs-0.19.40.tgz",
      "integrity": "sha1-FY9kqfTvVBp/2mtA5SfuRrbFTNA=",
      "requires": {
        "when": "^3.7.5"
      }
    },
    "systemjs-plugin-json": {
      "version": "0.2.3",
      "resolved": "https://registry.npmjs.org/systemjs-plugin-json/-/systemjs-plugin-json-0.2.3.tgz",
      "integrity": "sha1-jiYq4HWgIRGhPt+s7R0VbYu7gQY="
    },
    "underscore": {
      "version": "1.9.1",
      "resolved": "https://registry.npmjs.org/underscore/-/underscore-1.9.1.tgz",
      "integrity": "sha512-5/4etnCkd9c8gwgowi5/om/mYO5ajCaOgdzj/oW+0eQV9WxKBDZw5+ycmKmeaTXjInS/W0BzpGLo2xR2aBwZdg=="
    },
    "util": {
      "version": "0.10.3",
      "resolved": "https://registry.npmjs.org/util/-/util-0.10.3.tgz",
      "integrity": "sha1-evsa/lCAUkZInj23/g7TeTNqwPk=",
      "dev": true,
      "requires": {
        "inherits": "2.0.1"
      }
    },
    "when": {
      "version": "3.7.8",
      "resolved": "https://registry.npmjs.org/when/-/when-3.7.8.tgz",
      "integrity": "sha1-xxMLan6gRpPoQs3J56Hyqjmjn4I="
    },
    "zone.js": {
      "version": "0.6.26",
      "resolved": "https://registry.npmjs.org/zone.js/-/zone.js-0.6.26.tgz",
      "integrity": "sha1-BnwTuLgCI6ibYuncgmgPCXYsRjY="
    }
  }
}
