{
    "name": "extension-toolkit",
    "version": "0.0.1",
    "lockfileVersion": 3,
    "requires": true,
    "packages": {
        "": {
            "name": "extension-toolkit",
            "version": "0.0.1",
            "license": "SEE LICENSE IN ../../LICENSE.txt",
            "dependencies": {
                "@vscode/extension-telemetry": "1.5.2",
                "@vscode/l10n": "^0.0.18",
                "axios": "^1.18.0",
                "tunnel": "0.0.6"
            },
            "devDependencies": {
                "@types/node": "^22.13.14",
                "@types/tunnel": "0.0.1",
                "@types/vscode": "1.101.0",
                "typescript": "^5.8.3"
            }
        },
        "node_modules/@microsoft/1ds-core-js": {
            "version": "4.4.3",
            "resolved": "https://ms-feed-25.pkgs.visualstudio.com/1es-public/_packaging/npm-public/npm/registry/@microsoft/1ds-core-js/-/1ds-core-js-4.4.3.tgz",
            "integrity": "sha1-4uVAxnLi3V8G9H9iYTirVg5A1z4=",
            "license": "MIT",
            "dependencies": {
                "@microsoft/applicationinsights-core-js": "3.4.3",
                "@microsoft/applicationinsights-shims": "3.0.1",
                "@microsoft/dynamicproto-js": "^2.0.3",
                "@nevware21/ts-async": ">= 0.5.5 < 0.6.0",
                "@nevware21/ts-utils": ">= 0.14.0 < 2.x"
            }
        },
        "node_modules/@microsoft/1ds-post-js": {
            "version": "4.4.3",
            "resolved": "https://ms-feed-12.pkgs.visualstudio.com/1es-public/_packaging/npm-public/npm/registry/@microsoft/1ds-post-js/-/1ds-post-js-4.4.3.tgz",
            "integrity": "sha1-/3LD505NjEkQ3+q0DamOU0H9SHM=",
            "license": "MIT",
            "dependencies": {
                "@microsoft/applicationinsights-core-js": "3.4.3",
                "@microsoft/applicationinsights-shims": "3.0.1",
                "@microsoft/dynamicproto-js": "^2.0.3",
                "@nevware21/ts-async": ">= 0.5.5 < 0.6.0",
                "@nevware21/ts-utils": ">= 0.14.0 < 2.x"
            }
        },
        "node_modules/@microsoft/applicationinsights-channel-js": {
            "version": "3.4.3",
            "resolved": "https://ms-feed-2.pkgs.visualstudio.com/1es-public/_packaging/npm-public/npm/registry/@microsoft/applicationinsights-channel-js/-/applicationinsights-channel-js-3.4.3.tgz",
            "integrity": "sha1-lv6aE/XGMzH2jAP+Yfyo0nP87X8=",
            "license": "MIT",
            "dependencies": {
                "@microsoft/applicationinsights-core-js": "3.4.3",
                "@microsoft/applicationinsights-shims": "3.0.1",
                "@microsoft/dynamicproto-js": "^2.0.3",
                "@nevware21/ts-async": ">= 0.5.5 < 0.6.0",
                "@nevware21/ts-utils": ">= 0.14.0 < 2.x"
            },
            "peerDependencies": {
                "tslib": ">= 1.0.0"
            }
        },
        "node_modules/@microsoft/applicationinsights-common": {
            "version": "3.4.3",
            "resolved": "https://ms-feed-25.pkgs.visualstudio.com/1es-public/_packaging/npm-public/npm/registry/@microsoft/applicationinsights-common/-/applicationinsights-common-3.4.3.tgz",
            "integrity": "sha1-gg7ByONwX7NQuJdFMc6lO/+KhWs=",
            "license": "MIT",
            "dependencies": {
                "@microsoft/applicationinsights-core-js": "3.4.3",
                "@microsoft/applicationinsights-shims": "3.0.1",
                "@microsoft/dynamicproto-js": "^2.0.3",
                "@nevware21/ts-utils": ">= 0.14.0 < 2.x"
            },
            "peerDependencies": {
                "tslib": ">= 1.0.0"
            }
        },
        "node_modules/@microsoft/applicationinsights-core-js": {
            "version": "3.4.3",
            "resolved": "https://ms-feed-2.pkgs.visualstudio.com/1es-public/_packaging/npm-public/npm/registry/@microsoft/applicationinsights-core-js/-/applicationinsights-core-js-3.4.3.tgz",
            "integrity": "sha1-2tJKf5V4gfubq5ZDh2r6Wws54Lo=",
            "license": "MIT",
            "dependencies": {
                "@microsoft/applicationinsights-shims": "3.0.1",
                "@microsoft/dynamicproto-js": "^2.0.3",
                "@nevware21/ts-async": ">= 0.5.5 < 0.6.0",
                "@nevware21/ts-utils": ">= 0.14.0 < 2.x"
            },
            "peerDependencies": {
                "tslib": ">= 1.0.0"
            }
        },
        "node_modules/@microsoft/applicationinsights-shims": {
            "version": "3.0.1",
            "resolved": "https://ms-feed-2.pkgs.visualstudio.com/1es-public/_packaging/npm-public/npm/registry/@microsoft/applicationinsights-shims/-/applicationinsights-shims-3.0.1.tgz",
            "integrity": "sha1-OGW3Os6EBbnEYYzFxXHy/jh28G8=",
            "license": "MIT",
            "dependencies": {
                "@nevware21/ts-utils": ">= 0.9.4 < 2.x"
            }
        },
        "node_modules/@microsoft/applicationinsights-web-basic": {
            "version": "3.4.3",
            "resolved": "https://ms-feed-12.pkgs.visualstudio.com/1es-public/_packaging/npm-public/npm/registry/@microsoft/applicationinsights-web-basic/-/applicationinsights-web-basic-3.4.3.tgz",
            "integrity": "sha1-Jq1prhzQVMjUMHCQAeJVKTb6dU0=",
            "license": "MIT",
            "dependencies": {
                "@microsoft/applicationinsights-channel-js": "3.4.3",
                "@microsoft/applicationinsights-core-js": "3.4.3",
                "@microsoft/applicationinsights-shims": "3.0.1",
                "@microsoft/dynamicproto-js": "^2.0.3",
                "@nevware21/ts-async": ">= 0.5.5 < 0.6.0",
                "@nevware21/ts-utils": ">= 0.14.0 < 2.x"
            },
            "peerDependencies": {
                "tslib": ">= 1.0.0"
            }
        },
        "node_modules/@microsoft/dynamicproto-js": {
            "version": "2.0.5",
            "resolved": "https://ms-feed-12.pkgs.visualstudio.com/1es-public/_packaging/npm-public/npm/registry/@microsoft/dynamicproto-js/-/dynamicproto-js-2.0.5.tgz",
            "integrity": "sha1-9NCLCwbFcNaerXzSq69BQCUITGc=",
            "license": "MIT",
            "dependencies": {
                "@nevware21/ts-utils": ">= 0.14.0 < 2.x"
            }
        },
        "node_modules/@nevware21/ts-async": {
            "version": "0.5.5",
            "resolved": "https://ms-feed-2.pkgs.visualstudio.com/1es-public/_packaging/npm-public/npm/registry/@nevware21/ts-async/-/ts-async-0.5.5.tgz",
            "integrity": "sha1-UJZI48PDqpq2E8AMce7k/pvYo8M=",
            "license": "MIT",
            "dependencies": {
                "@nevware21/ts-utils": ">= 0.12.2 < 2.x"
            }
        },
        "node_modules/@nevware21/ts-utils": {
            "version": "0.16.0",
            "resolved": "https://ms-feed-2.pkgs.visualstudio.com/1es-public/_packaging/npm-public/npm/registry/@nevware21/ts-utils/-/ts-utils-0.16.0.tgz",
            "integrity": "sha1-5KOcjrEi54ESMVx5oAkWI4t/PEw=",
            "funding": [
                {
                    "type": "github",
                    "url": "https://github.com/sponsors/nevware21"
                },
                {
                    "type": "other",
                    "url": "https://buymeacoffee.com/nevware21"
                }
            ],
            "license": "MIT"
        },
        "node_modules/@types/node": {
            "version": "22.20.0",
            "resolved": "https://registry.npmjs.org/@types/node/-/node-22.20.0.tgz",
            "integrity": "sha512-QWlFW2wf3nTjC13/DqRnBpR4ZO36VJH/JVBkA/vcnmbTBNQIlnObqyqZE1tUR7+Ni23Lda8R1BxMfbXRpCUx5g==",
            "dev": true,
            "license": "MIT",
            "dependencies": {
                "undici-types": "~6.21.0"
            }
        },
        "node_modules/@types/tunnel": {
            "version": "0.0.1",
            "resolved": "https://ms-feed-25.pkgs.visualstudio.com/1es-public/_packaging/npm-public/npm/registry/@types/tunnel/-/tunnel-0.0.1.tgz",
            "integrity": "sha1-DXJ3R2i3PfJvJd+RhCc6QtpysZw=",
            "dev": true,
            "license": "MIT",
            "dependencies": {
                "@types/node": "*"
            }
        },
        "node_modules/@types/vscode": {
            "version": "1.101.0",
            "resolved": "https://registry.npmjs.org/@types/vscode/-/vscode-1.101.0.tgz",
            "integrity": "sha512-ZWf0IWa+NGegdW3iU42AcDTFHWW7fApLdkdnBqwYEtHVIBGbTu0ZNQKP/kX3Ds/uMJXIMQNAojHR4vexCEEz5Q==",
            "dev": true,
            "license": "MIT"
        },
        "node_modules/@vscode/extension-telemetry": {
            "version": "1.5.2",
            "resolved": "https://ms-feed-2.pkgs.visualstudio.com/1es-public/_packaging/npm-public/npm/registry/@vscode/extension-telemetry/-/extension-telemetry-1.5.2.tgz",
            "integrity": "sha1-KsL23kVWWOJgGA/l6r9zvNbaUUY=",
            "license": "MIT",
            "dependencies": {
                "@microsoft/1ds-core-js": "^4.4.1",
                "@microsoft/1ds-post-js": "^4.4.1",
                "@microsoft/applicationinsights-common": "^3.4.1",
                "@microsoft/applicationinsights-core-js": "^3.4.1",
                "@microsoft/applicationinsights-web-basic": "^3.4.1"
            },
            "engines": {
                "vscode": "^1.75.0"
            }
        },
        "node_modules/@vscode/l10n": {
            "version": "0.0.18",
            "resolved": "https://ms-feed-17.pkgs.visualstudio.com/1es-public/_packaging/npm-public/npm/registry/@vscode/l10n/-/l10n-0.0.18.tgz",
            "integrity": "sha1-kW06XpYNurR8HFb1iny1CHsTXJU=",
            "license": "MIT"
        },
        "node_modules/agent-base": {
            "version": "6.0.2",
            "resolved": "https://ms-feed-12.pkgs.visualstudio.com/1es-public/_packaging/npm-public/npm/registry/agent-base/-/agent-base-6.0.2.tgz",
            "integrity": "sha1-Sf/1hXfP7j83F2/qtMIuAPhtf3c=",
            "license": "MIT",
            "dependencies": {
                "debug": "4"
            },
            "engines": {
                "node": ">= 6.0.0"
            }
        },
        "node_modules/asynckit": {
            "version": "0.4.0",
            "resolved": "https://ms-feed-25.pkgs.visualstudio.com/1es-public/_packaging/npm-public/npm/registry/asynckit/-/asynckit-0.4.0.tgz",
            "integrity": "sha1-x57Zf380y48robyXkLzDZkdLS3k=",
            "license": "MIT"
        },
        "node_modules/axios": {
            "version": "1.18.1",
            "resolved": "https://ms-feed-2.pkgs.visualstudio.com/1es-public/_packaging/npm-public/npm/registry/axios/-/axios-1.18.1.tgz",
            "integrity": "sha1-1j+YY7zYk4gVyG+eKr04AYnZbf4=",
            "license": "MIT",
            "dependencies": {
                "follow-redirects": "^1.16.0",
                "form-data": "^4.0.5",
                "https-proxy-agent": "^5.0.1",
                "proxy-from-env": "^2.1.0"
            }
        },
        "node_modules/call-bind-apply-helpers": {
            "version": "1.0.2",
            "resolved": "https://ms-feed-2.pkgs.visualstudio.com/1es-public/_packaging/npm-public/npm/registry/call-bind-apply-helpers/-/call-bind-apply-helpers-1.0.2.tgz",
            "integrity": "sha1-S1QowiK+mF15w9gmV0edvgtZstY=",
            "license": "MIT",
            "dependencies": {
                "es-errors": "^1.3.0",
                "function-bind": "^1.1.2"
            },
            "engines": {
                "node": ">= 0.4"
            }
        },
        "node_modules/combined-stream": {
            "version": "1.0.8",
            "resolved": "https://ms-feed-12.pkgs.visualstudio.com/1es-public/_packaging/npm-public/npm/registry/combined-stream/-/combined-stream-1.0.8.tgz",
            "integrity": "sha1-w9RaizT9cwYxoRCoolIGgrMdWn8=",
            "license": "MIT",
            "dependencies": {
                "delayed-stream": "~1.0.0"
            },
            "engines": {
                "node": ">= 0.8"
            }
        },
        "node_modules/debug": {
            "version": "4.4.3",
            "resolved": "https://ms-feed-17.pkgs.visualstudio.com/1es-public/_packaging/npm-public/npm/registry/debug/-/debug-4.4.3.tgz",
            "integrity": "sha1-xq5DLZvZZiWC/OCHCbA4xY6ePWo=",
            "license": "MIT",
            "dependencies": {
                "ms": "^2.1.3"
            },
            "engines": {
                "node": ">=6.0"
            },
            "peerDependenciesMeta": {
                "supports-color": {
                    "optional": true
                }
            }
        },
        "node_modules/delayed-stream": {
            "version": "1.0.0",
            "resolved": "https://ms-feed-17.pkgs.visualstudio.com/1es-public/_packaging/npm-public/npm/registry/delayed-stream/-/delayed-stream-1.0.0.tgz",
            "integrity": "sha1-3zrhmayt+31ECqrgsp4icrJOxhk=",
            "license": "MIT",
            "engines": {
                "node": ">=0.4.0"
            }
        },
        "node_modules/dunder-proto": {
            "version": "1.0.1",
            "resolved": "https://ms-feed-12.pkgs.visualstudio.com/1es-public/_packaging/npm-public/npm/registry/dunder-proto/-/dunder-proto-1.0.1.tgz",
            "integrity": "sha1-165mfh3INIL4tw/Q9u78UNow9Yo=",
            "license": "MIT",
            "dependencies": {
                "call-bind-apply-helpers": "^1.0.1",
                "es-errors": "^1.3.0",
                "gopd": "^1.2.0"
            },
            "engines": {
                "node": ">= 0.4"
            }
        },
        "node_modules/es-define-property": {
            "version": "1.0.1",
            "resolved": "https://ms-feed-17.pkgs.visualstudio.com/1es-public/_packaging/npm-public/npm/registry/es-define-property/-/es-define-property-1.0.1.tgz",
            "integrity": "sha1-mD6y+aZyTpMD9hrd8BHHLgngsPo=",
            "license": "MIT",
            "engines": {
                "node": ">= 0.4"
            }
        },
        "node_modules/es-errors": {
            "version": "1.3.0",
            "resolved": "https://ms-feed-25.pkgs.visualstudio.com/1es-public/_packaging/npm-public/npm/registry/es-errors/-/es-errors-1.3.0.tgz",
            "integrity": "sha1-BfdaJdq5jk+x3NXhRywFRtUFfI8=",
            "license": "MIT",
            "engines": {
                "node": ">= 0.4"
            }
        },
        "node_modules/es-object-atoms": {
            "version": "1.1.2",
            "resolved": "https://ms-feed-25.pkgs.visualstudio.com/1es-public/_packaging/npm-public/npm/registry/es-object-atoms/-/es-object-atoms-1.1.2.tgz",
            "integrity": "sha1-otCzcyBXJN+lJdI7DD4bHKWCyZs=",
            "license": "MIT",
            "dependencies": {
                "es-errors": "^1.3.0"
            },
            "engines": {
                "node": ">= 0.4"
            }
        },
        "node_modules/es-set-tostringtag": {
            "version": "2.1.0",
            "resolved": "https://ms-feed-2.pkgs.visualstudio.com/1es-public/_packaging/npm-public/npm/registry/es-set-tostringtag/-/es-set-tostringtag-2.1.0.tgz",
            "integrity": "sha1-8x274MGDsAptJutjJcgQwP0YvU0=",
            "license": "MIT",
            "dependencies": {
                "es-errors": "^1.3.0",
                "get-intrinsic": "^1.2.6",
                "has-tostringtag": "^1.0.2",
                "hasown": "^2.0.2"
            },
            "engines": {
                "node": ">= 0.4"
            }
        },
        "node_modules/follow-redirects": {
            "version": "1.16.0",
            "resolved": "https://ms-feed-12.pkgs.visualstudio.com/1es-public/_packaging/npm-public/npm/registry/follow-redirects/-/follow-redirects-1.16.0.tgz",
            "integrity": "sha1-KEdKFZ07nRHvYgUKFO1g5N9tYbw=",
            "funding": [
                {
                    "type": "individual",
                    "url": "https://github.com/sponsors/RubenVerborgh"
                }
            ],
            "license": "MIT",
            "engines": {
                "node": ">=4.0"
            },
            "peerDependenciesMeta": {
                "debug": {
                    "optional": true
                }
            }
        },
        "node_modules/form-data": {
            "version": "4.0.6",
            "resolved": "https://ms-feed-12.pkgs.visualstudio.com/1es-public/_packaging/npm-public/npm/registry/form-data/-/form-data-4.0.6.tgz",
            "integrity": "sha1-KOhk4beG2+u2jbH0UvljUnhmWCc=",
            "license": "MIT",
            "dependencies": {
                "asynckit": "^0.4.0",
                "combined-stream": "^1.0.8",
                "es-set-tostringtag": "^2.1.0",
                "hasown": "^2.0.4",
                "mime-types": "^2.1.35"
            },
            "engines": {
                "node": ">= 6"
            }
        },
        "node_modules/function-bind": {
            "version": "1.1.2",
            "resolved": "https://ms-feed-17.pkgs.visualstudio.com/1es-public/_packaging/npm-public/npm/registry/function-bind/-/function-bind-1.1.2.tgz",
            "integrity": "sha1-LALYZNl/PqbIgwxGTL0Rq26rehw=",
            "license": "MIT",
            "funding": {
                "url": "https://github.com/sponsors/ljharb"
            }
        },
        "node_modules/get-intrinsic": {
            "version": "1.3.0",
            "resolved": "https://ms-feed-25.pkgs.visualstudio.com/1es-public/_packaging/npm-public/npm/registry/get-intrinsic/-/get-intrinsic-1.3.0.tgz",
            "integrity": "sha1-dD8OO2lkqTpUke0b/6rgVNf5jQE=",
            "license": "MIT",
            "dependencies": {
                "call-bind-apply-helpers": "^1.0.2",
                "es-define-property": "^1.0.1",
                "es-errors": "^1.3.0",
                "es-object-atoms": "^1.1.1",
                "function-bind": "^1.1.2",
                "get-proto": "^1.0.1",
                "gopd": "^1.2.0",
                "has-symbols": "^1.1.0",
                "hasown": "^2.0.2",
                "math-intrinsics": "^1.1.0"
            },
            "engines": {
                "node": ">= 0.4"
            },
            "funding": {
                "url": "https://github.com/sponsors/ljharb"
            }
        },
        "node_modules/get-proto": {
            "version": "1.0.1",
            "resolved": "https://ms-feed-25.pkgs.visualstudio.com/1es-public/_packaging/npm-public/npm/registry/get-proto/-/get-proto-1.0.1.tgz",
            "integrity": "sha1-FQs/J0OGnvPoUewMSdFbHRTQDuE=",
            "license": "MIT",
            "dependencies": {
                "dunder-proto": "^1.0.1",
                "es-object-atoms": "^1.0.0"
            },
            "engines": {
                "node": ">= 0.4"
            }
        },
        "node_modules/gopd": {
            "version": "1.2.0",
            "resolved": "https://ms-feed-2.pkgs.visualstudio.com/1es-public/_packaging/npm-public/npm/registry/gopd/-/gopd-1.2.0.tgz",
            "integrity": "sha1-ifVrghe9vIgCvSmd9tfxCB1+UaE=",
            "license": "MIT",
            "engines": {
                "node": ">= 0.4"
            },
            "funding": {
                "url": "https://github.com/sponsors/ljharb"
            }
        },
        "node_modules/has-symbols": {
            "version": "1.1.0",
            "resolved": "https://ms-feed-17.pkgs.visualstudio.com/1es-public/_packaging/npm-public/npm/registry/has-symbols/-/has-symbols-1.1.0.tgz",
            "integrity": "sha1-/JxqeDoISVHQuXH+EBjegTcHozg=",
            "license": "MIT",
            "engines": {
                "node": ">= 0.4"
            },
            "funding": {
                "url": "https://github.com/sponsors/ljharb"
            }
        },
        "node_modules/has-tostringtag": {
            "version": "1.0.2",
            "resolved": "https://ms-feed-12.pkgs.visualstudio.com/1es-public/_packaging/npm-public/npm/registry/has-tostringtag/-/has-tostringtag-1.0.2.tgz",
            "integrity": "sha1-LNxC1AvvLltO6rfAGnPFTOerWrw=",
            "license": "MIT",
            "dependencies": {
                "has-symbols": "^1.0.3"
            },
            "engines": {
                "node": ">= 0.4"
            },
            "funding": {
                "url": "https://github.com/sponsors/ljharb"
            }
        },
        "node_modules/hasown": {
            "version": "2.0.4",
            "resolved": "https://ms-feed-12.pkgs.visualstudio.com/1es-public/_packaging/npm-public/npm/registry/hasown/-/hasown-2.0.4.tgz",
            "integrity": "sha1-jGLYy5C+sqrV0KW2dYGtmFTD8AM=",
            "license": "MIT",
            "dependencies": {
                "function-bind": "^1.1.2"
            },
            "engines": {
                "node": ">= 0.4"
            }
        },
        "node_modules/https-proxy-agent": {
            "version": "5.0.1",
            "resolved": "https://ms-feed-12.pkgs.visualstudio.com/1es-public/_packaging/npm-public/npm/registry/https-proxy-agent/-/https-proxy-agent-5.0.1.tgz",
            "integrity": "sha1-xZ7yJKBP6LdU89sAY6Jeow0ABdY=",
            "license": "MIT",
            "dependencies": {
                "agent-base": "6",
                "debug": "4"
            },
            "engines": {
                "node": ">= 6"
            }
        },
        "node_modules/math-intrinsics": {
            "version": "1.1.0",
            "resolved": "https://ms-feed-25.pkgs.visualstudio.com/1es-public/_packaging/npm-public/npm/registry/math-intrinsics/-/math-intrinsics-1.1.0.tgz",
            "integrity": "sha1-oN10voHiqlwvJ+Zc4oNgXuTit/k=",
            "license": "MIT",
            "engines": {
                "node": ">= 0.4"
            }
        },
        "node_modules/mime-db": {
            "version": "1.52.0",
            "resolved": "https://ms-feed-2.pkgs.visualstudio.com/1es-public/_packaging/npm-public/npm/registry/mime-db/-/mime-db-1.52.0.tgz",
            "integrity": "sha1-u6vNwChZ9JhzAchW4zh85exDv3A=",
            "license": "MIT",
            "engines": {
                "node": ">= 0.6"
            }
        },
        "node_modules/mime-types": {
            "version": "2.1.35",
            "resolved": "https://ms-feed-12.pkgs.visualstudio.com/1es-public/_packaging/npm-public/npm/registry/mime-types/-/mime-types-2.1.35.tgz",
            "integrity": "sha1-OBqHG2KnNEUGYK497uRIE/cNlZo=",
            "license": "MIT",
            "dependencies": {
                "mime-db": "1.52.0"
            },
            "engines": {
                "node": ">= 0.6"
            }
        },
        "node_modules/ms": {
            "version": "2.1.3",
            "resolved": "https://ms-feed-25.pkgs.visualstudio.com/1es-public/_packaging/npm-public/npm/registry/ms/-/ms-2.1.3.tgz",
            "integrity": "sha1-V0yBOM4dK1hh8LRFedut1gxmFbI=",
            "license": "MIT"
        },
        "node_modules/proxy-from-env": {
            "version": "2.1.0",
            "resolved": "https://ms-feed-12.pkgs.visualstudio.com/1es-public/_packaging/npm-public/npm/registry/proxy-from-env/-/proxy-from-env-2.1.0.tgz",
            "integrity": "sha1-p0h1aK2tV3z6qn6IxJyrOrMIGro=",
            "license": "MIT",
            "engines": {
                "node": ">=10"
            }
        },
        "node_modules/tslib": {
            "version": "2.8.1",
            "resolved": "https://ms-feed-2.pkgs.visualstudio.com/1es-public/_packaging/npm-public/npm/registry/tslib/-/tslib-2.8.1.tgz",
            "integrity": "sha1-YS7+TtI11Wfoq6Xypfq3AoCt6D8=",
            "license": "0BSD",
            "peer": true
        },
        "node_modules/tunnel": {
            "version": "0.0.6",
            "resolved": "https://ms-feed-17.pkgs.visualstudio.com/1es-public/_packaging/npm-public/npm/registry/tunnel/-/tunnel-0.0.6.tgz",
            "integrity": "sha1-cvExSzSlsZLbASMk3yzFh8pH+Sw=",
            "license": "MIT",
            "engines": {
                "node": ">=0.6.11 <=0.7.0 || >=0.7.3"
            }
        },
        "node_modules/typescript": {
            "version": "5.9.3",
            "resolved": "https://registry.npmjs.org/typescript/-/typescript-5.9.3.tgz",
            "integrity": "sha512-jl1vZzPDinLr9eUt3J/t7V6FgNEw9QjvBPdysz9KfQDD41fQrC2Y4vKQdiaUpFT4bXlb1RHhLpp8wtm6M5TgSw==",
            "dev": true,
            "license": "Apache-2.0",
            "bin": {
                "tsc": "bin/tsc",
                "tsserver": "bin/tsserver"
            },
            "engines": {
                "node": ">=14.17"
            }
        },
        "node_modules/undici-types": {
            "version": "6.21.0",
            "resolved": "https://registry.npmjs.org/undici-types/-/undici-types-6.21.0.tgz",
            "integrity": "sha512-iwDZqg0QAGrg9Rav5H4n0M64c3mkR59cJ6wQp+7C4nI0gsmExaedaYLNO44eT4AtBBwjbTiGPMlt2Md0T9H9JQ==",
            "dev": true,
            "license": "MIT"
        }
    }
}
