{
    "name": "extension-toolkit",
    "version": "0.0.1",
    "lockfileVersion": 3,
    "requires": true,
    "packages": {
        "": {
            "name": "extension-toolkit",
            "version": "0.0.1",
            "license": "SEE LICENSE IN ../../LICENSE.txt",
            "dependencies": {
                "@vscode/extension-telemetry": "1.5.2"
            },
            "devDependencies": {
                "@types/node": "^22.13.14",
                "@types/vscode": "1.101.0",
                "typescript": "^5.8.3"
            }
        },
        "node_modules/@microsoft/1ds-core-js": {
            "version": "4.4.3",
            "resolved": "https://ms-feed-25.pkgs.visualstudio.com/1es-public/_packaging/npm-public/npm/registry/@microsoft/1ds-core-js/-/1ds-core-js-4.4.3.tgz",
            "integrity": "sha1-4uVAxnLi3V8G9H9iYTirVg5A1z4=",
            "license": "MIT",
            "dependencies": {
                "@microsoft/applicationinsights-core-js": "3.4.3",
                "@microsoft/applicationinsights-shims": "3.0.1",
                "@microsoft/dynamicproto-js": "^2.0.3",
                "@nevware21/ts-async": ">= 0.5.5 < 0.6.0",
                "@nevware21/ts-utils": ">= 0.14.0 < 2.x"
            }
        },
        "node_modules/@microsoft/1ds-post-js": {
            "version": "4.4.3",
            "resolved": "https://ms-feed-12.pkgs.visualstudio.com/1es-public/_packaging/npm-public/npm/registry/@microsoft/1ds-post-js/-/1ds-post-js-4.4.3.tgz",
            "integrity": "sha1-/3LD505NjEkQ3+q0DamOU0H9SHM=",
            "license": "MIT",
            "dependencies": {
                "@microsoft/applicationinsights-core-js": "3.4.3",
                "@microsoft/applicationinsights-shims": "3.0.1",
                "@microsoft/dynamicproto-js": "^2.0.3",
                "@nevware21/ts-async": ">= 0.5.5 < 0.6.0",
                "@nevware21/ts-utils": ">= 0.14.0 < 2.x"
            }
        },
        "node_modules/@microsoft/applicationinsights-channel-js": {
            "version": "3.4.3",
            "resolved": "https://ms-feed-2.pkgs.visualstudio.com/1es-public/_packaging/npm-public/npm/registry/@microsoft/applicationinsights-channel-js/-/applicationinsights-channel-js-3.4.3.tgz",
            "integrity": "sha1-lv6aE/XGMzH2jAP+Yfyo0nP87X8=",
            "license": "MIT",
            "dependencies": {
                "@microsoft/applicationinsights-core-js": "3.4.3",
                "@microsoft/applicationinsights-shims": "3.0.1",
                "@microsoft/dynamicproto-js": "^2.0.3",
                "@nevware21/ts-async": ">= 0.5.5 < 0.6.0",
                "@nevware21/ts-utils": ">= 0.14.0 < 2.x"
            },
            "peerDependencies": {
                "tslib": ">= 1.0.0"
            }
        },
        "node_modules/@microsoft/applicationinsights-common": {
            "version": "3.4.3",
            "resolved": "https://ms-feed-25.pkgs.visualstudio.com/1es-public/_packaging/npm-public/npm/registry/@microsoft/applicationinsights-common/-/applicationinsights-common-3.4.3.tgz",
            "integrity": "sha1-gg7ByONwX7NQuJdFMc6lO/+KhWs=",
            "license": "MIT",
            "dependencies": {
                "@microsoft/applicationinsights-core-js": "3.4.3",
                "@microsoft/applicationinsights-shims": "3.0.1",
                "@microsoft/dynamicproto-js": "^2.0.3",
                "@nevware21/ts-utils": ">= 0.14.0 < 2.x"
            },
            "peerDependencies": {
                "tslib": ">= 1.0.0"
            }
        },
        "node_modules/@microsoft/applicationinsights-core-js": {
            "version": "3.4.3",
            "resolved": "https://ms-feed-2.pkgs.visualstudio.com/1es-public/_packaging/npm-public/npm/registry/@microsoft/applicationinsights-core-js/-/applicationinsights-core-js-3.4.3.tgz",
            "integrity": "sha1-2tJKf5V4gfubq5ZDh2r6Wws54Lo=",
            "license": "MIT",
            "dependencies": {
                "@microsoft/applicationinsights-shims": "3.0.1",
                "@microsoft/dynamicproto-js": "^2.0.3",
                "@nevware21/ts-async": ">= 0.5.5 < 0.6.0",
                "@nevware21/ts-utils": ">= 0.14.0 < 2.x"
            },
            "peerDependencies": {
                "tslib": ">= 1.0.0"
            }
        },
        "node_modules/@microsoft/applicationinsights-shims": {
            "version": "3.0.1",
            "resolved": "https://ms-feed-2.pkgs.visualstudio.com/1es-public/_packaging/npm-public/npm/registry/@microsoft/applicationinsights-shims/-/applicationinsights-shims-3.0.1.tgz",
            "integrity": "sha1-OGW3Os6EBbnEYYzFxXHy/jh28G8=",
            "license": "MIT",
            "dependencies": {
                "@nevware21/ts-utils": ">= 0.9.4 < 2.x"
            }
        },
        "node_modules/@microsoft/applicationinsights-web-basic": {
            "version": "3.4.3",
            "resolved": "https://ms-feed-12.pkgs.visualstudio.com/1es-public/_packaging/npm-public/npm/registry/@microsoft/applicationinsights-web-basic/-/applicationinsights-web-basic-3.4.3.tgz",
            "integrity": "sha1-Jq1prhzQVMjUMHCQAeJVKTb6dU0=",
            "license": "MIT",
            "dependencies": {
                "@microsoft/applicationinsights-channel-js": "3.4.3",
                "@microsoft/applicationinsights-core-js": "3.4.3",
                "@microsoft/applicationinsights-shims": "3.0.1",
                "@microsoft/dynamicproto-js": "^2.0.3",
                "@nevware21/ts-async": ">= 0.5.5 < 0.6.0",
                "@nevware21/ts-utils": ">= 0.14.0 < 2.x"
            },
            "peerDependencies": {
                "tslib": ">= 1.0.0"
            }
        },
        "node_modules/@microsoft/dynamicproto-js": {
            "version": "2.0.5",
            "resolved": "https://ms-feed-12.pkgs.visualstudio.com/1es-public/_packaging/npm-public/npm/registry/@microsoft/dynamicproto-js/-/dynamicproto-js-2.0.5.tgz",
            "integrity": "sha1-9NCLCwbFcNaerXzSq69BQCUITGc=",
            "license": "MIT",
            "dependencies": {
                "@nevware21/ts-utils": ">= 0.14.0 < 2.x"
            }
        },
        "node_modules/@nevware21/ts-async": {
            "version": "0.5.5",
            "resolved": "https://ms-feed-2.pkgs.visualstudio.com/1es-public/_packaging/npm-public/npm/registry/@nevware21/ts-async/-/ts-async-0.5.5.tgz",
            "integrity": "sha1-UJZI48PDqpq2E8AMce7k/pvYo8M=",
            "license": "MIT",
            "dependencies": {
                "@nevware21/ts-utils": ">= 0.12.2 < 2.x"
            }
        },
        "node_modules/@nevware21/ts-utils": {
            "version": "0.16.0",
            "resolved": "https://ms-feed-2.pkgs.visualstudio.com/1es-public/_packaging/npm-public/npm/registry/@nevware21/ts-utils/-/ts-utils-0.16.0.tgz",
            "integrity": "sha1-5KOcjrEi54ESMVx5oAkWI4t/PEw=",
            "funding": [
                {
                    "type": "github",
                    "url": "https://github.com/sponsors/nevware21"
                },
                {
                    "type": "other",
                    "url": "https://buymeacoffee.com/nevware21"
                }
            ],
            "license": "MIT"
        },
        "node_modules/@types/node": {
            "version": "22.20.0",
            "resolved": "https://registry.npmjs.org/@types/node/-/node-22.20.0.tgz",
            "integrity": "sha512-QWlFW2wf3nTjC13/DqRnBpR4ZO36VJH/JVBkA/vcnmbTBNQIlnObqyqZE1tUR7+Ni23Lda8R1BxMfbXRpCUx5g==",
            "dev": true,
            "license": "MIT",
            "dependencies": {
                "undici-types": "~6.21.0"
            }
        },
        "node_modules/@types/vscode": {
            "version": "1.101.0",
            "resolved": "https://registry.npmjs.org/@types/vscode/-/vscode-1.101.0.tgz",
            "integrity": "sha512-ZWf0IWa+NGegdW3iU42AcDTFHWW7fApLdkdnBqwYEtHVIBGbTu0ZNQKP/kX3Ds/uMJXIMQNAojHR4vexCEEz5Q==",
            "dev": true,
            "license": "MIT"
        },
        "node_modules/@vscode/extension-telemetry": {
            "version": "1.5.2",
            "resolved": "https://ms-feed-2.pkgs.visualstudio.com/1es-public/_packaging/npm-public/npm/registry/@vscode/extension-telemetry/-/extension-telemetry-1.5.2.tgz",
            "integrity": "sha1-KsL23kVWWOJgGA/l6r9zvNbaUUY=",
            "license": "MIT",
            "dependencies": {
                "@microsoft/1ds-core-js": "^4.4.1",
                "@microsoft/1ds-post-js": "^4.4.1",
                "@microsoft/applicationinsights-common": "^3.4.1",
                "@microsoft/applicationinsights-core-js": "^3.4.1",
                "@microsoft/applicationinsights-web-basic": "^3.4.1"
            },
            "engines": {
                "vscode": "^1.75.0"
            }
        },
        "node_modules/tslib": {
            "version": "2.8.1",
            "resolved": "https://ms-feed-2.pkgs.visualstudio.com/1es-public/_packaging/npm-public/npm/registry/tslib/-/tslib-2.8.1.tgz",
            "integrity": "sha1-YS7+TtI11Wfoq6Xypfq3AoCt6D8=",
            "license": "0BSD",
            "peer": true
        },
        "node_modules/typescript": {
            "version": "5.9.3",
            "resolved": "https://registry.npmjs.org/typescript/-/typescript-5.9.3.tgz",
            "integrity": "sha512-jl1vZzPDinLr9eUt3J/t7V6FgNEw9QjvBPdysz9KfQDD41fQrC2Y4vKQdiaUpFT4bXlb1RHhLpp8wtm6M5TgSw==",
            "dev": true,
            "license": "Apache-2.0",
            "bin": {
                "tsc": "bin/tsc",
                "tsserver": "bin/tsserver"
            },
            "engines": {
                "node": ">=14.17"
            }
        },
        "node_modules/undici-types": {
            "version": "6.21.0",
            "resolved": "https://registry.npmjs.org/undici-types/-/undici-types-6.21.0.tgz",
            "integrity": "sha512-iwDZqg0QAGrg9Rav5H4n0M64c3mkR59cJ6wQp+7C4nI0gsmExaedaYLNO44eT4AtBBwjbTiGPMlt2Md0T9H9JQ==",
            "dev": true,
            "license": "MIT"
        }
    }
}
