{
    "name": "extension-toolkit",
    "version": "0.0.1",
    "lockfileVersion": 3,
    "requires": true,
    "packages": {
        "": {
            "name": "extension-toolkit",
            "version": "0.0.1",
            "license": "SEE LICENSE IN ../../LICENSE.txt",
            "devDependencies": {
                "@types/node": "^22.13.14",
                "@types/vscode": "1.101.0",
                "typescript": "^5.8.3"
            }
        },
        "node_modules/@types/node": {
            "version": "22.20.0",
            "resolved": "https://registry.npmjs.org/@types/node/-/node-22.20.0.tgz",
            "integrity": "sha512-QWlFW2wf3nTjC13/DqRnBpR4ZO36VJH/JVBkA/vcnmbTBNQIlnObqyqZE1tUR7+Ni23Lda8R1BxMfbXRpCUx5g==",
            "dev": true,
            "license": "MIT",
            "dependencies": {
                "undici-types": "~6.21.0"
            }
        },
        "node_modules/@types/vscode": {
            "version": "1.101.0",
            "resolved": "https://registry.npmjs.org/@types/vscode/-/vscode-1.101.0.tgz",
            "integrity": "sha512-ZWf0IWa+NGegdW3iU42AcDTFHWW7fApLdkdnBqwYEtHVIBGbTu0ZNQKP/kX3Ds/uMJXIMQNAojHR4vexCEEz5Q==",
            "dev": true,
            "license": "MIT"
        },
        "node_modules/typescript": {
            "version": "5.9.3",
            "resolved": "https://registry.npmjs.org/typescript/-/typescript-5.9.3.tgz",
            "integrity": "sha512-jl1vZzPDinLr9eUt3J/t7V6FgNEw9QjvBPdysz9KfQDD41fQrC2Y4vKQdiaUpFT4bXlb1RHhLpp8wtm6M5TgSw==",
            "dev": true,
            "license": "Apache-2.0",
            "bin": {
                "tsc": "bin/tsc",
                "tsserver": "bin/tsserver"
            },
            "engines": {
                "node": ">=14.17"
            }
        },
        "node_modules/undici-types": {
            "version": "6.21.0",
            "resolved": "https://registry.npmjs.org/undici-types/-/undici-types-6.21.0.tgz",
            "integrity": "sha512-iwDZqg0QAGrg9Rav5H4n0M64c3mkR59cJ6wQp+7C4nI0gsmExaedaYLNO44eT4AtBBwjbTiGPMlt2Md0T9H9JQ==",
            "dev": true,
            "license": "MIT"
        }
    }
}
