{
    "name": "sql-diagnostics",
    "version": "0.0.1",
    "lockfileVersion": 3,
    "requires": true,
    "packages": {
        "": {
            "name": "sql-diagnostics",
            "version": "0.0.1",
            "license": "SEE LICENSE IN ../../LICENSE.txt",
            "devDependencies": {
                "@types/node": "^22.13.14",
                "typescript": "^5.8.3"
            }
        },
        "node_modules/@types/node": {
            "version": "22.20.1",
            "resolved": "https://ms-feed-25.pkgs.visualstudio.com/1es-public/_packaging/npm-public/npm/registry/@types/node/-/node-22.20.1.tgz",
            "integrity": "sha1-hOfN9jzaogwTSqMXzMkBqiHhbw4=",
            "dev": true,
            "license": "MIT",
            "dependencies": {
                "undici-types": "~6.21.0"
            }
        },
        "node_modules/typescript": {
            "version": "5.9.3",
            "resolved": "https://ms-feed-25.pkgs.visualstudio.com/1es-public/_packaging/npm-public/npm/registry/typescript/-/typescript-5.9.3.tgz",
            "integrity": "sha1-W09Z4VMQqxeiFvXWz1PuR27eZw8=",
            "dev": true,
            "license": "Apache-2.0",
            "bin": {
                "tsc": "bin/tsc",
                "tsserver": "bin/tsserver"
            },
            "engines": {
                "node": ">=14.17"
            }
        },
        "node_modules/undici-types": {
            "version": "6.21.0",
            "resolved": "https://ms-feed-25.pkgs.visualstudio.com/1es-public/_packaging/npm-public/npm/registry/undici-types/-/undici-types-6.21.0.tgz",
            "integrity": "sha1-aR0ArzkJvpOn+qE75hs6W1DvEss=",
            "dev": true,
            "license": "MIT"
        }
    }
}
